
Microsoft Visual Studio Solution File, Format Version 12.00
# Visual Studio Version 17
VisualStudioVersion = 17.7.34302.85
MinimumVisualStudioVersion = 10.0.40219.1
Project("{9A19103F-16F7-4668-BE54-9A1E7A4F7556}") = "Rubik'sCube", "Rubik'sCube\Rubik'sCube.csproj", "{CBEB015B-9DD3-4DD4-B338-68A73BD58701}"
EndProject
Project("{9A19103F-16F7-4668-BE54-9A1E7A4F7556}") = "RubikCubeEngine", "Rubic'sCubeEngine\RubikCubeEngine.csproj", "{57515D70-1A22-4762-85E2-44C33FC8C460}"
EndProject
Global
	GlobalSection(SolutionConfigurationPlatforms) = preSolution
		Debug|Any CPU = Debug|Any CPU
		Release|Any CPU = Release|Any CPU
	EndGlobalSection
	GlobalSection(ProjectConfigurationPlatforms) = postSolution
		{CBEB015B-9DD3-4DD4-B338-68A73BD58701}.Debug|Any CPU.ActiveCfg = Debug|Any CPU
		{CBEB015B-9DD3-4DD4-B338-68A73BD58701}.Debug|Any CPU.Build.0 = Debug|Any CPU
		{CBEB015B-9DD3-4DD4-B338-68A73BD58701}.Release|Any CPU.ActiveCfg = Release|Any CPU
		{CBEB015B-9DD3-4DD4-B338-68A73BD58701}.Release|Any CPU.Build.0 = Release|Any CPU
		{57515D70-1A22-4762-85E2-44C33FC8C460}.Debug|Any CPU.ActiveCfg = Debug|Any CPU
		{57515D70-1A22-4762-85E2-44C33FC8C460}.Debug|Any CPU.Build.0 = Debug|Any CPU
		{57515D70-1A22-4762-85E2-44C33FC8C460}.Release|Any CPU.ActiveCfg = Release|Any CPU
		{57515D70-1A22-4762-85E2-44C33FC8C460}.Release|Any CPU.Build.0 = Release|Any CPU
	EndGlobalSection
	GlobalSection(SolutionProperties) = preSolution
		HideSolutionNode = FALSE
	EndGlobalSection
	GlobalSection(ExtensibilityGlobals) = postSolution
		SolutionGuid = {EF441F73-DBC9-423D-B8E0-D801465FD45B}
	EndGlobalSection
EndGlobal
